// !$*UTF8*$!
{
	archiveVersion = 1;
	classes = {
	};
	objectVersion = 46;
	objects = {

/* Begin PBXBuildFile section */
		1870F2A9B173159E429A1C37 /* Pods_swift_58.framework in Frameworks */ = {isa = PBXBuildFile; fileRef = 3484D190C8552A5187539D1D /* Pods_swift_58.framework */; };
		515080661DDC4B5F009AE41E /* WBHomeTopLineCell.swift in Sources */ = {isa = PBXBuildFile; fileRef = 515080651DDC4B5F009AE41E /* WBHomeTopLineCell.swift */; };
		516C717F1DDAF13D00611C7A /* SnapKit.framework in Frameworks */ = {isa = PBXBuildFile; fileRef = 516C717E1DDAF13D00611C7A /* SnapKit.framework */; };
		516C71821DDAFC4400611C7A /* WBGlobal.swift in Sources */ = {isa = PBXBuildFile; fileRef = 516C71811DDAFC4400611C7A /* WBGlobal.swift */; };
		51759CB71DD952D7003FBFB2 /* WBHomeHistoryCell.swift in Sources */ = {isa = PBXBuildFile; fileRef = 51759CB61DD952D7003FBFB2 /* WBHomeHistoryCell.swift */; };
		51759CBB1DD9583C003FBFB2 /* WBHomeMenuCell.swift in Sources */ = {isa = PBXBuildFile; fileRef = 51759CBA1DD9583C003FBFB2 /* WBHomeMenuCell.swift */; };
		51759CBD1DD96E04003FBFB2 /* WBMenuBtnView.swift in Sources */ = {isa = PBXBuildFile; fileRef = 51759CBC1DD96E04003FBFB2 /* WBMenuBtnView.swift */; };
		5175AF011DD5735A004DB2B0 /* WBTabBarViewController.swift in Sources */ = {isa = PBXBuildFile; fileRef = 5175AF001DD5735A004DB2B0 /* WBTabBarViewController.swift */; };
		5175AF051DD597E7004DB2B0 /* WBHomeViewController.swift in Sources */ = {isa = PBXBuildFile; fileRef = 5175AF041DD597E7004DB2B0 /* WBHomeViewController.swift */; };
		5175AF071DD597FF004DB2B0 /* WBNegotiationViewController.swift in Sources */ = {isa = PBXBuildFile; fileRef = 5175AF061DD597FF004DB2B0 /* WBNegotiationViewController.swift */; };
		5175AF0D1DD59F26004DB2B0 /* WBNaviationViewController.swift in Sources */ = {isa = PBXBuildFile; fileRef = 5175AF0C1DD59F26004DB2B0 /* WBNaviationViewController.swift */; };
		5175AF111DD5BEE3004DB2B0 /* WBGridView.swift in Sources */ = {isa = PBXBuildFile; fileRef = 5175AF101DD5BEE3004DB2B0 /* WBGridView.swift */; };
		517A6BA01DD446FD0045EB3C /* AppDelegate.swift in Sources */ = {isa = PBXBuildFile; fileRef = 517A6B9F1DD446FD0045EB3C /* AppDelegate.swift */; };
		517A6BA71DD446FE0045EB3C /* Assets.xcassets in Resources */ = {isa = PBXBuildFile; fileRef = 517A6BA61DD446FE0045EB3C /* Assets.xcassets */; };
/* End PBXBuildFile section */

/* Begin PBXFileReference section */
		0DB9A06F45484F982B025DC8 /* Pods-swift_58.debug.xcconfig */ = {isa = PBXFileReference; includeInIndex = 1; lastKnownFileType = text.xcconfig; name = "Pods-swift_58.debug.xcconfig"; path = "Pods/Target Support Files/Pods-swift_58/Pods-swift_58.debug.xcconfig"; sourceTree = "<group>"; };
		304D9379F362CBAEAE12D230 /* Pods-swift_58.release.xcconfig */ = {isa = PBXFileReference; includeInIndex = 1; lastKnownFileType = text.xcconfig; name = "Pods-swift_58.release.xcconfig"; path = "Pods/Target Support Files/Pods-swift_58/Pods-swift_58.release.xcconfig"; sourceTree = "<group>"; };
		3484D190C8552A5187539D1D /* Pods_swift_58.framework */ = {isa = PBXFileReference; explicitFileType = wrapper.framework; includeInIndex = 0; path = Pods_swift_58.framework; sourceTree = BUILT_PRODUCTS_DIR; };
		515080651DDC4B5F009AE41E /* WBHomeTopLineCell.swift */ = {isa = PBXFileReference; fileEncoding = 4; lastKnownFileType = sourcecode.swift; path = WBHomeTopLineCell.swift; sourceTree = "<group>"; };
		516C717E1DDAF13D00611C7A /* SnapKit.framework */ = {isa = PBXFileReference; lastKnownFileType = wrapper.framework; name = SnapKit.framework; path = "../../../../Library/Developer/Xcode/DerivedData/swift_58-fcnvrvujlgozysdjshzubpokqvrk/Build/Products/Debug-iphoneos/SnapKit/SnapKit.framework"; sourceTree = "<group>"; };
		516C71811DDAFC4400611C7A /* WBGlobal.swift */ = {isa = PBXFileReference; fileEncoding = 4; lastKnownFileType = sourcecode.swift; path = WBGlobal.swift; sourceTree = "<group>"; };
		51759CB61DD952D7003FBFB2 /* WBHomeHistoryCell.swift */ = {isa = PBXFileReference; fileEncoding = 4; lastKnownFileType = sourcecode.swift; path = WBHomeHistoryCell.swift; sourceTree = "<group>"; };
		51759CBA1DD9583C003FBFB2 /* WBHomeMenuCell.swift */ = {isa = PBXFileReference; fileEncoding = 4; lastKnownFileType = sourcecode.swift; path = WBHomeMenuCell.swift; sourceTree = "<group>"; };
		51759CBC1DD96E04003FBFB2 /* WBMenuBtnView.swift */ = {isa = PBXFileReference; fileEncoding = 4; lastKnownFileType = sourcecode.swift; path = WBMenuBtnView.swift; sourceTree = "<group>"; };
		5175AF001DD5735A004DB2B0 /* WBTabBarViewController.swift */ = {isa = PBXFileReference; fileEncoding = 4; lastKnownFileType = sourcecode.swift; path = WBTabBarViewController.swift; sourceTree = "<group>"; };
		5175AF041DD597E7004DB2B0 /* WBHomeViewController.swift */ = {isa = PBXFileReference; fileEncoding = 4; lastKnownFileType = sourcecode.swift; path = WBHomeViewController.swift; sourceTree = "<group>"; };
		5175AF061DD597FF004DB2B0 /* WBNegotiationViewController.swift */ = {isa = PBXFileReference; fileEncoding = 4; lastKnownFileType = sourcecode.swift; path = WBNegotiationViewController.swift; sourceTree = "<group>"; };
		5175AF0C1DD59F26004DB2B0 /* WBNaviationViewController.swift */ = {isa = PBXFileReference; fileEncoding = 4; lastKnownFileType = sourcecode.swift; path = WBNaviationViewController.swift; sourceTree = "<group>"; };
		5175AF101DD5BEE3004DB2B0 /* WBGridView.swift */ = {isa = PBXFileReference; fileEncoding = 4; lastKnownFileType = sourcecode.swift; path = WBGridView.swift; sourceTree = "<group>"; };
		517A6B9C1DD446FD0045EB3C /* swift_58.app */ = {isa = PBXFileReference; explicitFileType = wrapper.application; includeInIndex = 0; path = swift_58.app; sourceTree = BUILT_PRODUCTS_DIR; };
		517A6B9F1DD446FD0045EB3C /* AppDelegate.swift */ = {isa = PBXFileReference; lastKnownFileType = sourcecode.swift; path = AppDelegate.swift; sourceTree = "<group>"; };
		517A6BA61DD446FE0045EB3C /* Assets.xcassets */ = {isa = PBXFileReference; lastKnownFileType = folder.assetcatalog; path = Assets.xcassets; sourceTree = "<group>"; };
		517A6BAB1DD446FE0045EB3C /* Info.plist */ = {isa = PBXFileReference; lastKnownFileType = text.plist.xml; path = Info.plist; sourceTree = "<group>"; };
/* End PBXFileReference section */

/* Begin PBXFrameworksBuildPhase section */
		517A6B991DD446FD0045EB3C /* Frameworks */ = {
			isa = PBXFrameworksBuildPhase;
			buildActionMask = 2147483647;
			files = (
				516C717F1DDAF13D00611C7A /* SnapKit.framework in Frameworks */,
				1870F2A9B173159E429A1C37 /* Pods_swift_58.framework in Frameworks */,
			);
			runOnlyForDeploymentPostprocessing = 0;
		};
/* End PBXFrameworksBuildPhase section */

/* Begin PBXGroup section */
		516C71801DDAF26400611C7A /* Tool */ = {
			isa = PBXGroup;
			children = (
				516C71811DDAFC4400611C7A /* WBGlobal.swift */,
			);
			name = Tool;
			sourceTree = "<group>";
		};
		5175AEFD1DD56C31004DB2B0 /* Home */ = {
			isa = PBXGroup;
			children = (
				5175AF081DD59A69004DB2B0 /* Controller */,
				5175AF0A1DD59A7C004DB2B0 /* View */,
				5175AF091DD59A77004DB2B0 /* Model */,
			);
			name = Home;
			sourceTree = "<group>";
		};
		5175AF081DD59A69004DB2B0 /* Controller */ = {
			isa = PBXGroup;
			children = (
				5175AF041DD597E7004DB2B0 /* WBHomeViewController.swift */,
				5175AF061DD597FF004DB2B0 /* WBNegotiationViewController.swift */,
			);
			name = Controller;
			sourceTree = "<group>";
		};
		5175AF091DD59A77004DB2B0 /* Model */ = {
			isa = PBXGroup;
			children = (
			);
			name = Model;
			sourceTree = "<group>";
		};
		5175AF0A1DD59A7C004DB2B0 /* View */ = {
			isa = PBXGroup;
			children = (
				5175AF101DD5BEE3004DB2B0 /* WBGridView.swift */,
				51759CBC1DD96E04003FBFB2 /* WBMenuBtnView.swift */,
				51759CB61DD952D7003FBFB2 /* WBHomeHistoryCell.swift */,
				51759CBA1DD9583C003FBFB2 /* WBHomeMenuCell.swift */,
				515080651DDC4B5F009AE41E /* WBHomeTopLineCell.swift */,
			);
			name = View;
			sourceTree = "<group>";
		};
		5175AF0B1DD59AAF004DB2B0 /* Main */ = {
			isa = PBXGroup;
			children = (
				517A6B9F1DD446FD0045EB3C /* AppDelegate.swift */,
				5175AF001DD5735A004DB2B0 /* WBTabBarViewController.swift */,
				5175AF0C1DD59F26004DB2B0 /* WBNaviationViewController.swift */,
			);
			name = Main;
			sourceTree = "<group>";
		};
		517A6B931DD446FC0045EB3C = {
			isa = PBXGroup;
			children = (
				517A6B9E1DD446FD0045EB3C /* swift_58 */,
				517A6B9D1DD446FD0045EB3C /* Products */,
				5E1CBE898581AD0878355781 /* Pods */,
				52B35432E27B8E023BD1BB80 /* Frameworks */,
			);
			sourceTree = "<group>";
		};
		517A6B9D1DD446FD0045EB3C /* Products */ = {
			isa = PBXGroup;
			children = (
				517A6B9C1DD446FD0045EB3C /* swift_58.app */,
			);
			name = Products;
			sourceTree = "<group>";
		};
		517A6B9E1DD446FD0045EB3C /* swift_58 */ = {
			isa = PBXGroup;
			children = (
				516C71801DDAF26400611C7A /* Tool */,
				5175AEFD1DD56C31004DB2B0 /* Home */,
				5175AF0B1DD59AAF004DB2B0 /* Main */,
				517A6BA61DD446FE0045EB3C /* Assets.xcassets */,
				517A6BAB1DD446FE0045EB3C /* Info.plist */,
			);
			path = swift_58;
			sourceTree = "<group>";
		};
		52B35432E27B8E023BD1BB80 /* Frameworks */ = {
			isa = PBXGroup;
			children = (
				516C717E1DDAF13D00611C7A /* SnapKit.framework */,
				3484D190C8552A5187539D1D /* Pods_swift_58.framework */,
			);
			name = Frameworks;
			sourceTree = "<group>";
		};
		5E1CBE898581AD0878355781 /* Pods */ = {
			isa = PBXGroup;
			children = (
				0DB9A06F45484F982B025DC8 /* Pods-swift_58.debug.xcconfig */,
				304D9379F362CBAEAE12D230 /* Pods-swift_58.release.xcconfig */,
			);
			name = Pods;
			sourceTree = "<group>";
		};
/* End PBXGroup section */

/* Begin PBXNativeTarget section */
		517A6B9B1DD446FD0045EB3C /* swift_58 */ = {
			isa = PBXNativeTarget;
			buildConfigurationList = 517A6BAE1DD446FE0045EB3C /* Build configuration list for PBXNativeTarget "swift_58" */;
			buildPhases = (
				3A2475E4E8851E2037E857A0 /* [CP] Check Pods Manifest.lock */,
				517A6B981DD446FD0045EB3C /* Sources */,
				517A6B991DD446FD0045EB3C /* Frameworks */,
				517A6B9A1DD446FD0045EB3C /* Resources */,
				327789DE5819BC4BAD41BDC9 /* [CP] Embed Pods Frameworks */,
				D2EABB3FDBF5F231A27B3BB3 /* [CP] Copy Pods Resources */,
			);
			buildRules = (
			);
			dependencies = (
			);
			name = swift_58;
			productName = swift_58;
			productReference = 517A6B9C1DD446FD0045EB3C /* swift_58.app */;
			productType = "com.apple.product-type.application";
		};
/* End PBXNativeTarget section */

/* Begin PBXProject section */
		517A6B941DD446FC0045EB3C /* Project object */ = {
			isa = PBXProject;
			attributes = {
				LastSwiftUpdateCheck = 0810;
				LastUpgradeCheck = 0810;
				ORGANIZATIONNAME = xzt;
				TargetAttributes = {
					517A6B9B1DD446FD0045EB3C = {
						CreatedOnToolsVersion = 8.1;
						DevelopmentTeam = S53J23VP75;
						ProvisioningStyle = Automatic;
					};
				};
			};
			buildConfigurationList = 517A6B971DD446FC0045EB3C /* Build configuration list for PBXProject "swift_58" */;
			compatibilityVersion = "Xcode 3.2";
			developmentRegion = English;
			hasScannedForEncodings = 0;
			knownRegions = (
				en,
				Base,
			);
			mainGroup = 517A6B931DD446FC0045EB3C;
			productRefGroup = 517A6B9D1DD446FD0045EB3C /* Products */;
			projectDirPath = "";
			projectRoot = "";
			targets = (
				517A6B9B1DD446FD0045EB3C /* swift_58 */,
			);
		};
/* End PBXProject section */

/* Begin PBXResourcesBuildPhase section */
		517A6B9A1DD446FD0045EB3C /* Resources */ = {
			isa = PBXResourcesBuildPhase;
			buildActionMask = 2147483647;
			files = (
				517A6BA71DD446FE0045EB3C /* Assets.xcassets in Resources */,
			);
			runOnlyForDeploymentPostprocessing = 0;
		};
/* End PBXResourcesBuildPhase section */

/* Begin PBXShellScriptBuildPhase section */
		327789DE5819BC4BAD41BDC9 /* [CP] Embed Pods Frameworks */ = {
			isa = PBXShellScriptBuildPhase;
			buildActionMask = 2147483647;
			files = (
			);
			inputPaths = (
			);
			name = "[CP] Embed Pods Frameworks";
			outputPaths = (
			);
			runOnlyForDeploymentPostprocessing = 0;
			shellPath = /bin/sh;
			shellScript = "\"${SRCROOT}/Pods/Target Support Files/Pods-swift_58/Pods-swift_58-frameworks.sh\"\n";
			showEnvVarsInLog = 0;
		};
		3A2475E4E8851E2037E857A0 /* [CP] Check Pods Manifest.lock */ = {
			isa = PBXShellScriptBuildPhase;
			buildActionMask = 2147483647;
			files = (
			);
			inputPaths = (
			);
			name = "[CP] Check Pods Manifest.lock";
			outputPaths = (
			);
			runOnlyForDeploymentPostprocessing = 0;
			shellPath = /bin/sh;
			shellScript = "diff \"${PODS_ROOT}/../Podfile.lock\" \"${PODS_ROOT}/Manifest.lock\" > /dev/null\nif [ $? != 0 ] ; then\n    # print error to STDERR\n    echo \"error: The sandbox is not in sync with the Podfile.lock. Run 'pod install' or update your CocoaPods installation.\" >&2\n    exit 1\nfi\n";
			showEnvVarsInLog = 0;
		};
		D2EABB3FDBF5F231A27B3BB3 /* [CP] Copy Pods Resources */ = {
			isa = PBXShellScriptBuildPhase;
			buildActionMask = 2147483647;
			files = (
			);
			inputPaths = (
			);
			name = "[CP] Copy Pods Resources";
			outputPaths = (
			);
			runOnlyForDeploymentPostprocessing = 0;
			shellPath = /bin/sh;
			shellScript = "\"${SRCROOT}/Pods/Target Support Files/Pods-swift_58/Pods-swift_58-resources.sh\"\n";
			showEnvVarsInLog = 0;
		};
/* End PBXShellScriptBuildPhase section */

/* Begin PBXSourcesBuildPhase section */
		517A6B981DD446FD0045EB3C /* Sources */ = {
			isa = PBXSourcesBuildPhase;
			buildActionMask = 2147483647;
			files = (
				5175AF0D1DD59F26004DB2B0 /* WBNaviationViewController.swift in Sources */,
				516C71821DDAFC4400611C7A /* WBGlobal.swift in Sources */,
				5175AF071DD597FF004DB2B0 /* WBNegotiationViewController.swift in Sources */,
				517A6BA01DD446FD0045EB3C /* AppDelegate.swift in Sources */,
				51759CBD1DD96E04003FBFB2 /* WBMenuBtnView.swift in Sources */,
				5175AF051DD597E7004DB2B0 /* WBHomeViewController.swift in Sources */,
				515080661DDC4B5F009AE41E /* WBHomeTopLineCell.swift in Sources */,
				51759CBB1DD9583C003FBFB2 /* WBHomeMenuCell.swift in Sources */,
				5175AF111DD5BEE3004DB2B0 /* WBGridView.swift in Sources */,
				51759CB71DD952D7003FBFB2 /* WBHomeHistoryCell.swift in Sources */,
				5175AF011DD5735A004DB2B0 /* WBTabBarViewController.swift in Sources */,
			);
			runOnlyForDeploymentPostprocessing = 0;
		};
/* End PBXSourcesBuildPhase section */

/* Begin XCBuildConfiguration section */
		517A6BAC1DD446FE0045EB3C /* Debug */ = {
			isa = XCBuildConfiguration;
			buildSettings = {
				ALWAYS_SEARCH_USER_PATHS = NO;
				CLANG_ANALYZER_NONNULL = YES;
				CLANG_CXX_LANGUAGE_STANDARD = "gnu++0x";
				CLANG_CXX_LIBRARY = "libc++";
				CLANG_ENABLE_MODULES = YES;
				CLANG_ENABLE_OBJC_ARC = YES;
				CLANG_WARN_BOOL_CONVERSION = YES;
				CLANG_WARN_CONSTANT_CONVERSION = YES;
				CLANG_WARN_DIRECT_OBJC_ISA_USAGE = YES_ERROR;
				CLANG_WARN_DOCUMENTATION_COMMENTS = YES;
				CLANG_WARN_EMPTY_BODY = YES;
				CLANG_WARN_ENUM_CONVERSION = YES;
				CLANG_WARN_INFINITE_RECURSION = YES;
				CLANG_WARN_INT_CONVERSION = YES;
				CLANG_WARN_OBJC_ROOT_CLASS = YES_ERROR;
				CLANG_WARN_SUSPICIOUS_MOVES = YES;
				CLANG_WARN_UNREACHABLE_CODE = YES;
				CLANG_WARN__DUPLICATE_METHOD_MATCH = YES;
				"CODE_SIGN_IDENTITY[sdk=iphoneos*]" = "iPhone Developer";
				COPY_PHASE_STRIP = NO;
				DEBUG_INFORMATION_FORMAT = dwarf;
				ENABLE_STRICT_OBJC_MSGSEND = YES;
				ENABLE_TESTABILITY = YES;
				GCC_C_LANGUAGE_STANDARD = gnu99;
				GCC_DYNAMIC_NO_PIC = NO;
				GCC_NO_COMMON_BLOCKS = YES;
				GCC_OPTIMIZATION_LEVEL = 0;
				GCC_PREPROCESSOR_DEFINITIONS = (
					"DEBUG=1",
					"$(inherited)",
				);
				GCC_WARN_64_TO_32_BIT_CONVERSION = YES;
				GCC_WARN_ABOUT_RETURN_TYPE = YES_ERROR;
				GCC_WARN_UNDECLARED_SELECTOR = YES;
				GCC_WARN_UNINITIALIZED_AUTOS = YES_AGGRESSIVE;
				GCC_WARN_UNUSED_FUNCTION = YES;
				GCC_WARN_UNUSED_VARIABLE = YES;
				IPHONEOS_DEPLOYMENT_TARGET = 10.1;
				MTL_ENABLE_DEBUG_INFO = YES;
				ONLY_ACTIVE_ARCH = YES;
				SDKROOT = iphoneos;
				SWIFT_ACTIVE_COMPILATION_CONDITIONS = DEBUG;
				SWIFT_OPTIMIZATION_LEVEL = "-Onone";
				TARGETED_DEVICE_FAMILY = "1,2";
			};
			name = Debug;
		};
		517A6BAD1DD446FE0045EB3C /* Release */ = {
			isa = XCBuildConfiguration;
			buildSettings = {
				ALWAYS_SEARCH_USER_PATHS = NO;
				CLANG_ANALYZER_NONNULL = YES;
				CLANG_CXX_LANGUAGE_STANDARD = "gnu++0x";
				CLANG_CXX_LIBRARY = "libc++";
				CLANG_ENABLE_MODULES = YES;
				CLANG_ENABLE_OBJC_ARC = YES;
				CLANG_WARN_BOOL_CONVERSION = YES;
				CLANG_WARN_CONSTANT_CONVERSION = YES;
				CLANG_WARN_DIRECT_OBJC_ISA_USAGE = YES_ERROR;
				CLANG_WARN_DOCUMENTATION_COMMENTS = YES;
				CLANG_WARN_EMPTY_BODY = YES;
				CLANG_WARN_ENUM_CONVERSION = YES;
				CLANG_WARN_INFINITE_RECURSION = YES;
				CLANG_WARN_INT_CONVERSION = YES;
				CLANG_WARN_OBJC_ROOT_CLASS = YES_ERROR;
				CLANG_WARN_SUSPICIOUS_MOVES = YES;
				CLANG_WARN_UNREACHABLE_CODE = YES;
				CLANG_WARN__DUPLICATE_METHOD_MATCH = YES;
				"CODE_SIGN_IDENTITY[sdk=iphoneos*]" = "iPhone Developer";
				COPY_PHASE_STRIP = NO;
				DEBUG_INFORMATION_FORMAT = "dwarf-with-dsym";
				ENABLE_NS_ASSERTIONS = NO;
				ENABLE_STRICT_OBJC_MSGSEND = YES;
				GCC_C_LANGUAGE_STANDARD = gnu99;
				GCC_NO_COMMON_BLOCKS = YES;
				GCC_WARN_64_TO_32_BIT_CONVERSION = YES;
				GCC_WARN_ABOUT_RETURN_TYPE = YES_ERROR;
				GCC_WARN_UNDECLARED_SELECTOR = YES;
				GCC_WARN_UNINITIALIZED_AUTOS = YES_AGGRESSIVE;
				GCC_WARN_UNUSED_FUNCTION = YES;
				GCC_WARN_UNUSED_VARIABLE = YES;
				IPHONEOS_DEPLOYMENT_TARGET = 10.1;
				MTL_ENABLE_DEBUG_INFO = NO;
				SDKROOT = iphoneos;
				SWIFT_OPTIMIZATION_LEVEL = "-Owholemodule";
				TARGETED_DEVICE_FAMILY = "1,2";
				VALIDATE_PRODUCT = YES;
			};
			name = Release;
		};
		517A6BAF1DD446FE0045EB3C /* Debug */ = {
			isa = XCBuildConfiguration;
			baseConfigurationReference = 0DB9A06F45484F982B025DC8 /* Pods-swift_58.debug.xcconfig */;
			buildSettings = {
				ASSETCATALOG_COMPILER_APPICON_NAME = AppIcon;
				ASSETCATALOG_COMPILER_LAUNCHIMAGE_NAME = LaunchImage;
				DEVELOPMENT_TEAM = S53J23VP75;
				INFOPLIST_FILE = swift_58/Info.plist;
				LD_RUNPATH_SEARCH_PATHS = "$(inherited) @executable_path/Frameworks";
				PRODUCT_BUNDLE_IDENTIFIER = "cn.com.xzt.swift-58";
				PRODUCT_NAME = "$(TARGET_NAME)";
				SWIFT_VERSION = 3.0;
				TARGETED_DEVICE_FAMILY = 1;
			};
			name = Debug;
		};
		517A6BB01DD446FE0045EB3C /* Release */ = {
			isa = XCBuildConfiguration;
			baseConfigurationReference = 304D9379F362CBAEAE12D230 /* Pods-swift_58.release.xcconfig */;
			buildSettings = {
				ASSETCATALOG_COMPILER_APPICON_NAME = AppIcon;
				ASSETCATALOG_COMPILER_LAUNCHIMAGE_NAME = LaunchImage;
				DEVELOPMENT_TEAM = S53J23VP75;
				INFOPLIST_FILE = swift_58/Info.plist;
				LD_RUNPATH_SEARCH_PATHS = "$(inherited) @executable_path/Frameworks";
				PRODUCT_BUNDLE_IDENTIFIER = "cn.com.xzt.swift-58";
				PRODUCT_NAME = "$(TARGET_NAME)";
				SWIFT_VERSION = 3.0;
				TARGETED_DEVICE_FAMILY = 1;
			};
			name = Release;
		};
/* End XCBuildConfiguration section */

/* Begin XCConfigurationList section */
		517A6B971DD446FC0045EB3C /* Build configuration list for PBXProject "swift_58" */ = {
			isa = XCConfigurationList;
			buildConfigurations = (
				517A6BAC1DD446FE0045EB3C /* Debug */,
				517A6BAD1DD446FE0045EB3C /* Release */,
			);
			defaultConfigurationIsVisible = 0;
			defaultConfigurationName = Release;
		};
		517A6BAE1DD446FE0045EB3C /* Build configuration list for PBXNativeTarget "swift_58" */ = {
			isa = XCConfigurationList;
			buildConfigurations = (
				517A6BAF1DD446FE0045EB3C /* Debug */,
				517A6BB01DD446FE0045EB3C /* Release */,
			);
			defaultConfigurationIsVisible = 0;
			defaultConfigurationName = Release;
		};
/* End XCConfigurationList section */
	};
	rootObject = 517A6B941DD446FC0045EB3C /* Project object */;
}
